<Solution>
  <Folder Name="/src/">
    <Project Path="src/PaymentGateway.Api/PaymentGateway.Api.csproj" Id="35350849-42a4-474b-b02c-639b792c6081" />
    <Project Path="src/PaymentGateway.Application/PaymentGateway.Application.csproj" />
    <Project Path="src/PaymentGateway.Domain/PaymentGateway.Domain.csproj" />
    <Project Path="src/PaymentGateway.Infrastructure/PaymentGateway.Infrastructure.csproj" />
  </Folder>
  <Folder Name="/tests/">
    <Project Path="tests/PaymentGateway.Api.IntegrationTests/PaymentGateway.Api.IntegrationTests.csproj" />
    <Project Path="tests/PaymentGateway.Domain.Tests/PaymentGateway.Domain.Tests.csproj" />
    <Project Path="tests/PaymentGateway.Infrastructure.Tests/PaymentGateway.Infrastructure.Tests.csproj" />
  </Folder>
</Solution>
